
Microsoft Visual Studio Solution File, Format Version 12.00
# Visual Studio Version 17
VisualStudioVersion = 17.3.32929.385
MinimumVisualStudioVersion = 10.0.40219.1
Project("{FAE04EC0-301F-11D3-BF4B-00C04F79EFBC}") = "EX2_TP2", "EX2_TP2\EX2_TP2.csproj", "{12CF094E-1B1E-461A-A740-F60B97D3CED4}"
EndProject
Global
	GlobalSection(SolutionConfigurationPlatforms) = preSolution
		Debug|Any CPU = Debug|Any CPU
		Release|Any CPU = Release|Any CPU
	EndGlobalSection
	GlobalSection(ProjectConfigurationPlatforms) = postSolution
		{12CF094E-1B1E-461A-A740-F60B97D3CED4}.Debug|Any CPU.ActiveCfg = Debug|Any CPU
		{12CF094E-1B1E-461A-A740-F60B97D3CED4}.Debug|Any CPU.Build.0 = Debug|Any CPU
		{12CF094E-1B1E-461A-A740-F60B97D3CED4}.Release|Any CPU.ActiveCfg = Release|Any CPU
		{12CF094E-1B1E-461A-A740-F60B97D3CED4}.Release|Any CPU.Build.0 = Release|Any CPU
	EndGlobalSection
	GlobalSection(SolutionProperties) = preSolution
		HideSolutionNode = FALSE
	EndGlobalSection
	GlobalSection(ExtensibilityGlobals) = postSolution
		SolutionGuid = {7CDF6E5F-374D-40C4-B268-86F2C1D810F0}
	EndGlobalSection
EndGlobal
